// !$*UTF8*$!
{
	archiveVersion = 1;
	classes = {
	};
	objectVersion = 51;
	objects = {

/* Begin PBXBuildFile section */
		4638D0E01F0412B021EB75FD /* Pods_ExploreUI_ExploreUIUITests.framework in Frameworks */ = {isa = PBXBuildFile; fileRef = 8EA09EF0EC266482984634F5 /* Pods_ExploreUI_ExploreUIUITests.framework */; };
		88B7CB972B4DE1C8AE6086A0 /* Pods_ExploreUITests.framework in Frameworks */ = {isa = PBXBuildFile; fileRef = B70189F94AE21CEF4C2EB049 /* Pods_ExploreUITests.framework */; };
		9FB09D57AD0A2BAC0BFB63E0 /* Pods_ExploreUI.framework in Frameworks */ = {isa = PBXBuildFile; fileRef = B8C9E19DE0589ABB5653223C /* Pods_ExploreUI.framework */; };
		A26EDCDF248197D400087A4B /* AppDelegate.swift in Sources */ = {isa = PBXBuildFile; fileRef = A26EDCDE248197D400087A4B /* AppDelegate.swift */; };
		A26EDCE3248197D400087A4B /* ViewController.swift in Sources */ = {isa = PBXBuildFile; fileRef = A26EDCE2248197D400087A4B /* ViewController.swift */; };
		A26EDCE6248197D400087A4B /* Main.storyboard in Resources */ = {isa = PBXBuildFile; fileRef = A26EDCE4248197D400087A4B /* Main.storyboard */; };
		A26EDCE8248197D800087A4B /* Assets.xcassets in Resources */ = {isa = PBXBuildFile; fileRef = A26EDCE7248197D800087A4B /* Assets.xcassets */; };
		A26EDCEB248197D800087A4B /* LaunchScreen.storyboard in Resources */ = {isa = PBXBuildFile; fileRef = A26EDCE9248197D800087A4B /* LaunchScreen.storyboard */; };
		A26EDCF6248197D800087A4B /* ExploreUITests.swift in Sources */ = {isa = PBXBuildFile; fileRef = A26EDCF5248197D800087A4B /* ExploreUITests.swift */; };
		A26EDD01248197D800087A4B /* ExploreUIUITests.swift in Sources */ = {isa = PBXBuildFile; fileRef = A26EDD00248197D800087A4B /* ExploreUIUITests.swift */; };
		A26EDD0F2481981D00087A4B /* MenuBar.swift in Sources */ = {isa = PBXBuildFile; fileRef = A26EDD0E2481981D00087A4B /* MenuBar.swift */; };
		A26EDD112481A52100087A4B /* MenuCell.swift in Sources */ = {isa = PBXBuildFile; fileRef = A26EDD102481A52100087A4B /* MenuCell.swift */; };
		A26EDD152489AEF500087A4B /* TestViewController.swift in Sources */ = {isa = PBXBuildFile; fileRef = A26EDD142489AEF500087A4B /* TestViewController.swift */; };
/* End PBXBuildFile section */

/* Begin PBXContainerItemProxy section */
		A26EDCF2248197D800087A4B /* PBXContainerItemProxy */ = {
			isa = PBXContainerItemProxy;
			containerPortal = A26EDCD3248197D400087A4B /* Project object */;
			proxyType = 1;
			remoteGlobalIDString = A26EDCDA248197D400087A4B;
			remoteInfo = ExploreUI;
		};
		A26EDCFD248197D800087A4B /* PBXContainerItemProxy */ = {
			isa = PBXContainerItemProxy;
			containerPortal = A26EDCD3248197D400087A4B /* Project object */;
			proxyType = 1;
			remoteGlobalIDString = A26EDCDA248197D400087A4B;
			remoteInfo = ExploreUI;
		};
/* End PBXContainerItemProxy section */

/* Begin PBXFileReference section */
		0798948C8D07A00F4AAC8BD7 /* Pods-ExploreUI-ExploreUIUITests.release.xcconfig */ = {isa = PBXFileReference; includeInIndex = 1; lastKnownFileType = text.xcconfig; name = "Pods-ExploreUI-ExploreUIUITests.release.xcconfig"; path = "Target Support Files/Pods-ExploreUI-ExploreUIUITests/Pods-ExploreUI-ExploreUIUITests.release.xcconfig"; sourceTree = "<group>"; };
		2F9011F35F566FC4CC18A21A /* Pods-ExploreUITests.release.xcconfig */ = {isa = PBXFileReference; includeInIndex = 1; lastKnownFileType = text.xcconfig; name = "Pods-ExploreUITests.release.xcconfig"; path = "Target Support Files/Pods-ExploreUITests/Pods-ExploreUITests.release.xcconfig"; sourceTree = "<group>"; };
		60AC515DAA7EEAA310A8D244 /* Pods-ExploreUI.release.xcconfig */ = {isa = PBXFileReference; includeInIndex = 1; lastKnownFileType = text.xcconfig; name = "Pods-ExploreUI.release.xcconfig"; path = "Target Support Files/Pods-ExploreUI/Pods-ExploreUI.release.xcconfig"; sourceTree = "<group>"; };
		8EA09EF0EC266482984634F5 /* Pods_ExploreUI_ExploreUIUITests.framework */ = {isa = PBXFileReference; explicitFileType = wrapper.framework; includeInIndex = 0; path = Pods_ExploreUI_ExploreUIUITests.framework; sourceTree = BUILT_PRODUCTS_DIR; };
		A26EDCDB248197D400087A4B /* ExploreUI.app */ = {isa = PBXFileReference; explicitFileType = wrapper.application; includeInIndex = 0; path = ExploreUI.app; sourceTree = BUILT_PRODUCTS_DIR; };
		A26EDCDE248197D400087A4B /* AppDelegate.swift */ = {isa = PBXFileReference; lastKnownFileType = sourcecode.swift; path = AppDelegate.swift; sourceTree = "<group>"; };
		A26EDCE2248197D400087A4B /* ViewController.swift */ = {isa = PBXFileReference; lastKnownFileType = sourcecode.swift; path = ViewController.swift; sourceTree = "<group>"; };
		A26EDCE5248197D400087A4B /* Base */ = {isa = PBXFileReference; lastKnownFileType = file.storyboard; name = Base; path = Base.lproj/Main.storyboard; sourceTree = "<group>"; };
		A26EDCE7248197D800087A4B /* Assets.xcassets */ = {isa = PBXFileReference; lastKnownFileType = folder.assetcatalog; path = Assets.xcassets; sourceTree = "<group>"; };
		A26EDCEA248197D800087A4B /* Base */ = {isa = PBXFileReference; lastKnownFileType = file.storyboard; name = Base; path = Base.lproj/LaunchScreen.storyboard; sourceTree = "<group>"; };
		A26EDCEC248197D800087A4B /* Info.plist */ = {isa = PBXFileReference; lastKnownFileType = text.plist.xml; path = Info.plist; sourceTree = "<group>"; };
		A26EDCF1248197D800087A4B /* ExploreUITests.xctest */ = {isa = PBXFileReference; explicitFileType = wrapper.cfbundle; includeInIndex = 0; path = ExploreUITests.xctest; sourceTree = BUILT_PRODUCTS_DIR; };
		A26EDCF5248197D800087A4B /* ExploreUITests.swift */ = {isa = PBXFileReference; lastKnownFileType = sourcecode.swift; path = ExploreUITests.swift; sourceTree = "<group>"; };
		A26EDCF7248197D800087A4B /* Info.plist */ = {isa = PBXFileReference; lastKnownFileType = text.plist.xml; path = Info.plist; sourceTree = "<group>"; };
		A26EDCFC248197D800087A4B /* ExploreUIUITests.xctest */ = {isa = PBXFileReference; explicitFileType = wrapper.cfbundle; includeInIndex = 0; path = ExploreUIUITests.xctest; sourceTree = BUILT_PRODUCTS_DIR; };
		A26EDD00248197D800087A4B /* ExploreUIUITests.swift */ = {isa = PBXFileReference; lastKnownFileType = sourcecode.swift; path = ExploreUIUITests.swift; sourceTree = "<group>"; };
		A26EDD02248197D800087A4B /* Info.plist */ = {isa = PBXFileReference; lastKnownFileType = text.plist.xml; path = Info.plist; sourceTree = "<group>"; };
		A26EDD0E2481981D00087A4B /* MenuBar.swift */ = {isa = PBXFileReference; lastKnownFileType = sourcecode.swift; path = MenuBar.swift; sourceTree = "<group>"; };
		A26EDD102481A52100087A4B /* MenuCell.swift */ = {isa = PBXFileReference; lastKnownFileType = sourcecode.swift; path = MenuCell.swift; sourceTree = "<group>"; };
		A26EDD142489AEF500087A4B /* TestViewController.swift */ = {isa = PBXFileReference; lastKnownFileType = sourcecode.swift; path = TestViewController.swift; sourceTree = "<group>"; };
		B5C72A421E210E8F57570660 /* Pods-ExploreUI.debug.xcconfig */ = {isa = PBXFileReference; includeInIndex = 1; lastKnownFileType = text.xcconfig; name = "Pods-ExploreUI.debug.xcconfig"; path = "Target Support Files/Pods-ExploreUI/Pods-ExploreUI.debug.xcconfig"; sourceTree = "<group>"; };
		B70189F94AE21CEF4C2EB049 /* Pods_ExploreUITests.framework */ = {isa = PBXFileReference; explicitFileType = wrapper.framework; includeInIndex = 0; path = Pods_ExploreUITests.framework; sourceTree = BUILT_PRODUCTS_DIR; };
		B8C9E19DE0589ABB5653223C /* Pods_ExploreUI.framework */ = {isa = PBXFileReference; explicitFileType = wrapper.framework; includeInIndex = 0; path = Pods_ExploreUI.framework; sourceTree = BUILT_PRODUCTS_DIR; };
		BCB8076DE10C3272AA7AF8C9 /* Pods-ExploreUITests.debug.xcconfig */ = {isa = PBXFileReference; includeInIndex = 1; lastKnownFileType = text.xcconfig; name = "Pods-ExploreUITests.debug.xcconfig"; path = "Target Support Files/Pods-ExploreUITests/Pods-ExploreUITests.debug.xcconfig"; sourceTree = "<group>"; };
		C9333CC985E186BCB7E1BD98 /* Pods-ExploreUI-ExploreUIUITests.debug.xcconfig */ = {isa = PBXFileReference; includeInIndex = 1; lastKnownFileType = text.xcconfig; name = "Pods-ExploreUI-ExploreUIUITests.debug.xcconfig"; path = "Target Support Files/Pods-ExploreUI-ExploreUIUITests/Pods-ExploreUI-ExploreUIUITests.debug.xcconfig"; sourceTree = "<group>"; };
/* End PBXFileReference section */

/* Begin PBXFrameworksBuildPhase section */
		A26EDCD8248197D400087A4B /* Frameworks */ = {
			isa = PBXFrameworksBuildPhase;
			buildActionMask = 2147483647;
			files = (
				9FB09D57AD0A2BAC0BFB63E0 /* Pods_ExploreUI.framework in Frameworks */,
			);
			runOnlyForDeploymentPostprocessing = 0;
		};
		A26EDCEE248197D800087A4B /* Frameworks */ = {
			isa = PBXFrameworksBuildPhase;
			buildActionMask = 2147483647;
			files = (
				88B7CB972B4DE1C8AE6086A0 /* Pods_ExploreUITests.framework in Frameworks */,
			);
			runOnlyForDeploymentPostprocessing = 0;
		};
		A26EDCF9248197D800087A4B /* Frameworks */ = {
			isa = PBXFrameworksBuildPhase;
			buildActionMask = 2147483647;
			files = (
				4638D0E01F0412B021EB75FD /* Pods_ExploreUI_ExploreUIUITests.framework in Frameworks */,
			);
			runOnlyForDeploymentPostprocessing = 0;
		};
/* End PBXFrameworksBuildPhase section */

/* Begin PBXGroup section */
		9BC9CADBB40486CFF3801B9A /* Frameworks */ = {
			isa = PBXGroup;
			children = (
				B8C9E19DE0589ABB5653223C /* Pods_ExploreUI.framework */,
				8EA09EF0EC266482984634F5 /* Pods_ExploreUI_ExploreUIUITests.framework */,
				B70189F94AE21CEF4C2EB049 /* Pods_ExploreUITests.framework */,
			);
			name = Frameworks;
			sourceTree = "<group>";
		};
		A26EDCD2248197D400087A4B = {
			isa = PBXGroup;
			children = (
				A26EDCDD248197D400087A4B /* ExploreUI */,
				A26EDCF4248197D800087A4B /* ExploreUITests */,
				A26EDCFF248197D800087A4B /* ExploreUIUITests */,
				A26EDCDC248197D400087A4B /* Products */,
				CE6561DC2005C152AEB8BE8F /* Pods */,
				9BC9CADBB40486CFF3801B9A /* Frameworks */,
			);
			sourceTree = "<group>";
		};
		A26EDCDC248197D400087A4B /* Products */ = {
			isa = PBXGroup;
			children = (
				A26EDCDB248197D400087A4B /* ExploreUI.app */,
				A26EDCF1248197D800087A4B /* ExploreUITests.xctest */,
				A26EDCFC248197D800087A4B /* ExploreUIUITests.xctest */,
			);
			name = Products;
			sourceTree = "<group>";
		};
		A26EDCDD248197D400087A4B /* ExploreUI */ = {
			isa = PBXGroup;
			children = (
				A26EDCDE248197D400087A4B /* AppDelegate.swift */,
				A26EDCE2248197D400087A4B /* ViewController.swift */,
				A26EDCE4248197D400087A4B /* Main.storyboard */,
				A26EDCE7248197D800087A4B /* Assets.xcassets */,
				A26EDCE9248197D800087A4B /* LaunchScreen.storyboard */,
				A26EDCEC248197D800087A4B /* Info.plist */,
				A26EDD0E2481981D00087A4B /* MenuBar.swift */,
				A26EDD102481A52100087A4B /* MenuCell.swift */,
				A26EDD142489AEF500087A4B /* TestViewController.swift */,
			);
			path = ExploreUI;
			sourceTree = "<group>";
		};
		A26EDCF4248197D800087A4B /* ExploreUITests */ = {
			isa = PBXGroup;
			children = (
				A26EDCF5248197D800087A4B /* ExploreUITests.swift */,
				A26EDCF7248197D800087A4B /* Info.plist */,
			);
			path = ExploreUITests;
			sourceTree = "<group>";
		};
		A26EDCFF248197D800087A4B /* ExploreUIUITests */ = {
			isa = PBXGroup;
			children = (
				A26EDD00248197D800087A4B /* ExploreUIUITests.swift */,
				A26EDD02248197D800087A4B /* Info.plist */,
			);
			path = ExploreUIUITests;
			sourceTree = "<group>";
		};
		CE6561DC2005C152AEB8BE8F /* Pods */ = {
			isa = PBXGroup;
			children = (
				B5C72A421E210E8F57570660 /* Pods-ExploreUI.debug.xcconfig */,
				60AC515DAA7EEAA310A8D244 /* Pods-ExploreUI.release.xcconfig */,
				C9333CC985E186BCB7E1BD98 /* Pods-ExploreUI-ExploreUIUITests.debug.xcconfig */,
				0798948C8D07A00F4AAC8BD7 /* Pods-ExploreUI-ExploreUIUITests.release.xcconfig */,
				BCB8076DE10C3272AA7AF8C9 /* Pods-ExploreUITests.debug.xcconfig */,
				2F9011F35F566FC4CC18A21A /* Pods-ExploreUITests.release.xcconfig */,
			);
			path = Pods;
			sourceTree = "<group>";
		};
/* End PBXGroup section */

/* Begin PBXNativeTarget section */
		A26EDCDA248197D400087A4B /* ExploreUI */ = {
			isa = PBXNativeTarget;
			buildConfigurationList = A26EDD05248197D800087A4B /* Build configuration list for PBXNativeTarget "ExploreUI" */;
			buildPhases = (
				A93C8D30D19101CC2B456703 /* [CP] Check Pods Manifest.lock */,
				A26EDCD7248197D400087A4B /* Sources */,
				A26EDCD8248197D400087A4B /* Frameworks */,
				A26EDCD9248197D400087A4B /* Resources */,
				3D8F888166F989990227C364 /* [CP] Embed Pods Frameworks */,
			);
			buildRules = (
			);
			dependencies = (
			);
			name = ExploreUI;
			productName = ExploreUI;
			productReference = A26EDCDB248197D400087A4B /* ExploreUI.app */;
			productType = "com.apple.product-type.application";
		};
		A26EDCF0248197D800087A4B /* ExploreUITests */ = {
			isa = PBXNativeTarget;
			buildConfigurationList = A26EDD08248197D800087A4B /* Build configuration list for PBXNativeTarget "ExploreUITests" */;
			buildPhases = (
				69B8DB6526E6E0EAE9257193 /* [CP] Check Pods Manifest.lock */,
				A26EDCED248197D800087A4B /* Sources */,
				A26EDCEE248197D800087A4B /* Frameworks */,
				A26EDCEF248197D800087A4B /* Resources */,
			);
			buildRules = (
			);
			dependencies = (
				A26EDCF3248197D800087A4B /* PBXTargetDependency */,
			);
			name = ExploreUITests;
			productName = ExploreUITests;
			productReference = A26EDCF1248197D800087A4B /* ExploreUITests.xctest */;
			productType = "com.apple.product-type.bundle.unit-test";
		};
		A26EDCFB248197D800087A4B /* ExploreUIUITests */ = {
			isa = PBXNativeTarget;
			buildConfigurationList = A26EDD0B248197D800087A4B /* Build configuration list for PBXNativeTarget "ExploreUIUITests" */;
			buildPhases = (
				3C4C32698B5786C2479083F7 /* [CP] Check Pods Manifest.lock */,
				A26EDCF8248197D800087A4B /* Sources */,
				A26EDCF9248197D800087A4B /* Frameworks */,
				A26EDCFA248197D800087A4B /* Resources */,
				BCFB2631463ADD15BC6FDCAE /* [CP] Embed Pods Frameworks */,
			);
			buildRules = (
			);
			dependencies = (
				A26EDCFE248197D800087A4B /* PBXTargetDependency */,
			);
			name = ExploreUIUITests;
			productName = ExploreUIUITests;
			productReference = A26EDCFC248197D800087A4B /* ExploreUIUITests.xctest */;
			productType = "com.apple.product-type.bundle.ui-testing";
		};
/* End PBXNativeTarget section */

/* Begin PBXProject section */
		A26EDCD3248197D400087A4B /* Project object */ = {
			isa = PBXProject;
			attributes = {
				LastSwiftUpdateCheck = 1140;
				LastUpgradeCheck = 1140;
				ORGANIZATIONNAME = "Zhang Qiuhao";
				TargetAttributes = {
					A26EDCDA248197D400087A4B = {
						CreatedOnToolsVersion = 11.4;
					};
					A26EDCF0248197D800087A4B = {
						CreatedOnToolsVersion = 11.4;
						TestTargetID = A26EDCDA248197D400087A4B;
					};
					A26EDCFB248197D800087A4B = {
						CreatedOnToolsVersion = 11.4;
						TestTargetID = A26EDCDA248197D400087A4B;
					};
				};
			};
			buildConfigurationList = A26EDCD6248197D400087A4B /* Build configuration list for PBXProject "ExploreUI" */;
			compatibilityVersion = "Xcode 9.3";
			developmentRegion = en;
			hasScannedForEncodings = 0;
			knownRegions = (
				en,
				Base,
			);
			mainGroup = A26EDCD2248197D400087A4B;
			productRefGroup = A26EDCDC248197D400087A4B /* Products */;
			projectDirPath = "";
			projectRoot = "";
			targets = (
				A26EDCDA248197D400087A4B /* ExploreUI */,
				A26EDCF0248197D800087A4B /* ExploreUITests */,
				A26EDCFB248197D800087A4B /* ExploreUIUITests */,
			);
		};
/* End PBXProject section */

/* Begin PBXResourcesBuildPhase section */
		A26EDCD9248197D400087A4B /* Resources */ = {
			isa = PBXResourcesBuildPhase;
			buildActionMask = 2147483647;
			files = (
				A26EDCEB248197D800087A4B /* LaunchScreen.storyboard in Resources */,
				A26EDCE8248197D800087A4B /* Assets.xcassets in Resources */,
				A26EDCE6248197D400087A4B /* Main.storyboard in Resources */,
			);
			runOnlyForDeploymentPostprocessing = 0;
		};
		A26EDCEF248197D800087A4B /* Resources */ = {
			isa = PBXResourcesBuildPhase;
			buildActionMask = 2147483647;
			files = (
			);
			runOnlyForDeploymentPostprocessing = 0;
		};
		A26EDCFA248197D800087A4B /* Resources */ = {
			isa = PBXResourcesBuildPhase;
			buildActionMask = 2147483647;
			files = (
			);
			runOnlyForDeploymentPostprocessing = 0;
		};
/* End PBXResourcesBuildPhase section */

/* Begin PBXShellScriptBuildPhase section */
		3C4C32698B5786C2479083F7 /* [CP] Check Pods Manifest.lock */ = {
			isa = PBXShellScriptBuildPhase;
			buildActionMask = 2147483647;
			files = (
			);
			inputFileListPaths = (
			);
			inputPaths = (
				"${PODS_PODFILE_DIR_PATH}/Podfile.lock",
				"${PODS_ROOT}/Manifest.lock",
			);
			name = "[CP] Check Pods Manifest.lock";
			outputFileListPaths = (
			);
			outputPaths = (
				"$(DERIVED_FILE_DIR)/Pods-ExploreUI-ExploreUIUITests-checkManifestLockResult.txt",
			);
			runOnlyForDeploymentPostprocessing = 0;
			shellPath = /bin/sh;
			shellScript = "diff \"${PODS_PODFILE_DIR_PATH}/Podfile.lock\" \"${PODS_ROOT}/Manifest.lock\" > /dev/null\nif [ $? != 0 ] ; then\n    # print error to STDERR\n    echo \"error: The sandbox is not in sync with the Podfile.lock. Run 'pod install' or update your CocoaPods installation.\" >&2\n    exit 1\nfi\n# This output is used by Xcode 'outputs' to avoid re-running this script phase.\necho \"SUCCESS\" > \"${SCRIPT_OUTPUT_FILE_0}\"\n";
			showEnvVarsInLog = 0;
		};
		3D8F888166F989990227C364 /* [CP] Embed Pods Frameworks */ = {
			isa = PBXShellScriptBuildPhase;
			buildActionMask = 2147483647;
			files = (
			);
			inputFileListPaths = (
				"${PODS_ROOT}/Target Support Files/Pods-ExploreUI/Pods-ExploreUI-frameworks-${CONFIGURATION}-input-files.xcfilelist",
			);
			name = "[CP] Embed Pods Frameworks";
			outputFileListPaths = (
				"${PODS_ROOT}/Target Support Files/Pods-ExploreUI/Pods-ExploreUI-frameworks-${CONFIGURATION}-output-files.xcfilelist",
			);
			runOnlyForDeploymentPostprocessing = 0;
			shellPath = /bin/sh;
			shellScript = "\"${PODS_ROOT}/Target Support Files/Pods-ExploreUI/Pods-ExploreUI-frameworks.sh\"\n";
			showEnvVarsInLog = 0;
		};
		69B8DB6526E6E0EAE9257193 /* [CP] Check Pods Manifest.lock */ = {
			isa = PBXShellScriptBuildPhase;
			buildActionMask = 2147483647;
			files = (
			);
			inputFileListPaths = (
			);
			inputPaths = (
				"${PODS_PODFILE_DIR_PATH}/Podfile.lock",
				"${PODS_ROOT}/Manifest.lock",
			);
			name = "[CP] Check Pods Manifest.lock";
			outputFileListPaths = (
			);
			outputPaths = (
				"$(DERIVED_FILE_DIR)/Pods-ExploreUITests-checkManifestLockResult.txt",
			);
			runOnlyForDeploymentPostprocessing = 0;
			shellPath = /bin/sh;
			shellScript = "diff \"${PODS_PODFILE_DIR_PATH}/Podfile.lock\" \"${PODS_ROOT}/Manifest.lock\" > /dev/null\nif [ $? != 0 ] ; then\n    # print error to STDERR\n    echo \"error: The sandbox is not in sync with the Podfile.lock. Run 'pod install' or update your CocoaPods installation.\" >&2\n    exit 1\nfi\n# This output is used by Xcode 'outputs' to avoid re-running this script phase.\necho \"SUCCESS\" > \"${SCRIPT_OUTPUT_FILE_0}\"\n";
			showEnvVarsInLog = 0;
		};
		A93C8D30D19101CC2B456703 /* [CP] Check Pods Manifest.lock */ = {
			isa = PBXShellScriptBuildPhase;
			buildActionMask = 2147483647;
			files = (
			);
			inputFileListPaths = (
			);
			inputPaths = (
				"${PODS_PODFILE_DIR_PATH}/Podfile.lock",
				"${PODS_ROOT}/Manifest.lock",
			);
			name = "[CP] Check Pods Manifest.lock";
			outputFileListPaths = (
			);
			outputPaths = (
				"$(DERIVED_FILE_DIR)/Pods-ExploreUI-checkManifestLockResult.txt",
			);
			runOnlyForDeploymentPostprocessing = 0;
			shellPath = /bin/sh;
			shellScript = "diff \"${PODS_PODFILE_DIR_PATH}/Podfile.lock\" \"${PODS_ROOT}/Manifest.lock\" > /dev/null\nif [ $? != 0 ] ; then\n    # print error to STDERR\n    echo \"error: The sandbox is not in sync with the Podfile.lock. Run 'pod install' or update your CocoaPods installation.\" >&2\n    exit 1\nfi\n# This output is used by Xcode 'outputs' to avoid re-running this script phase.\necho \"SUCCESS\" > \"${SCRIPT_OUTPUT_FILE_0}\"\n";
			showEnvVarsInLog = 0;
		};
		BCFB2631463ADD15BC6FDCAE /* [CP] Embed Pods Frameworks */ = {
			isa = PBXShellScriptBuildPhase;
			buildActionMask = 2147483647;
			files = (
			);
			inputFileListPaths = (
				"${PODS_ROOT}/Target Support Files/Pods-ExploreUI-ExploreUIUITests/Pods-ExploreUI-ExploreUIUITests-frameworks-${CONFIGURATION}-input-files.xcfilelist",
			);
			name = "[CP] Embed Pods Frameworks";
			outputFileListPaths = (
				"${PODS_ROOT}/Target Support Files/Pods-ExploreUI-ExploreUIUITests/Pods-ExploreUI-ExploreUIUITests-frameworks-${CONFIGURATION}-output-files.xcfilelist",
			);
			runOnlyForDeploymentPostprocessing = 0;
			shellPath = /bin/sh;
			shellScript = "\"${PODS_ROOT}/Target Support Files/Pods-ExploreUI-ExploreUIUITests/Pods-ExploreUI-ExploreUIUITests-frameworks.sh\"\n";
			showEnvVarsInLog = 0;
		};
/* End PBXShellScriptBuildPhase section */

/* Begin PBXSourcesBuildPhase section */
		A26EDCD7248197D400087A4B /* Sources */ = {
			isa = PBXSourcesBuildPhase;
			buildActionMask = 2147483647;
			files = (
				A26EDCE3248197D400087A4B /* ViewController.swift in Sources */,
				A26EDD112481A52100087A4B /* MenuCell.swift in Sources */,
				A26EDCDF248197D400087A4B /* AppDelegate.swift in Sources */,
				A26EDD152489AEF500087A4B /* TestViewController.swift in Sources */,
				A26EDD0F2481981D00087A4B /* MenuBar.swift in Sources */,
			);
			runOnlyForDeploymentPostprocessing = 0;
		};
		A26EDCED248197D800087A4B /* Sources */ = {
			isa = PBXSourcesBuildPhase;
			buildActionMask = 2147483647;
			files = (
				A26EDCF6248197D800087A4B /* ExploreUITests.swift in Sources */,
			);
			runOnlyForDeploymentPostprocessing = 0;
		};
		A26EDCF8248197D800087A4B /* Sources */ = {
			isa = PBXSourcesBuildPhase;
			buildActionMask = 2147483647;
			files = (
				A26EDD01248197D800087A4B /* ExploreUIUITests.swift in Sources */,
			);
			runOnlyForDeploymentPostprocessing = 0;
		};
/* End PBXSourcesBuildPhase section */

/* Begin PBXTargetDependency section */
		A26EDCF3248197D800087A4B /* PBXTargetDependency */ = {
			isa = PBXTargetDependency;
			target = A26EDCDA248197D400087A4B /* ExploreUI */;
			targetProxy = A26EDCF2248197D800087A4B /* PBXContainerItemProxy */;
		};
		A26EDCFE248197D800087A4B /* PBXTargetDependency */ = {
			isa = PBXTargetDependency;
			target = A26EDCDA248197D400087A4B /* ExploreUI */;
			targetProxy = A26EDCFD248197D800087A4B /* PBXContainerItemProxy */;
		};
/* End PBXTargetDependency section */

/* Begin PBXVariantGroup section */
		A26EDCE4248197D400087A4B /* Main.storyboard */ = {
			isa = PBXVariantGroup;
			children = (
				A26EDCE5248197D400087A4B /* Base */,
			);
			name = Main.storyboard;
			sourceTree = "<group>";
		};
		A26EDCE9248197D800087A4B /* LaunchScreen.storyboard */ = {
			isa = PBXVariantGroup;
			children = (
				A26EDCEA248197D800087A4B /* Base */,
			);
			name = LaunchScreen.storyboard;
			sourceTree = "<group>";
		};
/* End PBXVariantGroup section */

/* Begin XCBuildConfiguration section */
		A26EDD03248197D800087A4B /* Debug */ = {
			isa = XCBuildConfiguration;
			buildSettings = {
				ALWAYS_SEARCH_USER_PATHS = NO;
				CLANG_ANALYZER_NONNULL = YES;
				CLANG_ANALYZER_NUMBER_OBJECT_CONVERSION = YES_AGGRESSIVE;
				CLANG_CXX_LANGUAGE_STANDARD = "gnu++14";
				CLANG_CXX_LIBRARY = "libc++";
				CLANG_ENABLE_MODULES = YES;
				CLANG_ENABLE_OBJC_ARC = YES;
				CLANG_ENABLE_OBJC_WEAK = YES;
				CLANG_WARN_BLOCK_CAPTURE_AUTORELEASING = YES;
				CLANG_WARN_BOOL_CONVERSION = YES;
				CLANG_WARN_COMMA = YES;
				CLANG_WARN_CONSTANT_CONVERSION = YES;
				CLANG_WARN_DEPRECATED_OBJC_IMPLEMENTATIONS = YES;
				CLANG_WARN_DIRECT_OBJC_ISA_USAGE = YES_ERROR;
				CLANG_WARN_DOCUMENTATION_COMMENTS = YES;
				CLANG_WARN_EMPTY_BODY = YES;
				CLANG_WARN_ENUM_CONVERSION = YES;
				CLANG_WARN_INFINITE_RECURSION = YES;
				CLANG_WARN_INT_CONVERSION = YES;
				CLANG_WARN_NON_LITERAL_NULL_CONVERSION = YES;
				CLANG_WARN_OBJC_IMPLICIT_RETAIN_SELF = YES;
				CLANG_WARN_OBJC_LITERAL_CONVERSION = YES;
				CLANG_WARN_OBJC_ROOT_CLASS = YES_ERROR;
				CLANG_WARN_RANGE_LOOP_ANALYSIS = YES;
				CLANG_WARN_STRICT_PROTOTYPES = YES;
				CLANG_WARN_SUSPICIOUS_MOVE = YES;
				CLANG_WARN_UNGUARDED_AVAILABILITY = YES_AGGRESSIVE;
				CLANG_WARN_UNREACHABLE_CODE = YES;
				CLANG_WARN__DUPLICATE_METHOD_MATCH = YES;
				COPY_PHASE_STRIP = NO;
				DEBUG_INFORMATION_FORMAT = dwarf;
				ENABLE_STRICT_OBJC_MSGSEND = YES;
				ENABLE_TESTABILITY = YES;
				GCC_C_LANGUAGE_STANDARD = gnu11;
				GCC_DYNAMIC_NO_PIC = NO;
				GCC_NO_COMMON_BLOCKS = YES;
				GCC_OPTIMIZATION_LEVEL = 0;
				GCC_PREPROCESSOR_DEFINITIONS = (
					"DEBUG=1",
					"$(inherited)",
				);
				GCC_WARN_64_TO_32_BIT_CONVERSION = YES;
				GCC_WARN_ABOUT_RETURN_TYPE = YES_ERROR;
				GCC_WARN_UNDECLARED_SELECTOR = YES;
				GCC_WARN_UNINITIALIZED_AUTOS = YES_AGGRESSIVE;
				GCC_WARN_UNUSED_FUNCTION = YES;
				GCC_WARN_UNUSED_VARIABLE = YES;
				IPHONEOS_DEPLOYMENT_TARGET = 13.4;
				MTL_ENABLE_DEBUG_INFO = INCLUDE_SOURCE;
				MTL_FAST_MATH = YES;
				ONLY_ACTIVE_ARCH = YES;
				SDKROOT = iphoneos;
				SWIFT_ACTIVE_COMPILATION_CONDITIONS = DEBUG;
				SWIFT_OPTIMIZATION_LEVEL = "-Onone";
			};
			name = Debug;
		};
		A26EDD04248197D800087A4B /* Release */ = {
			isa = XCBuildConfiguration;
			buildSettings = {
				ALWAYS_SEARCH_USER_PATHS = NO;
				CLANG_ANALYZER_NONNULL = YES;
				CLANG_ANALYZER_NUMBER_OBJECT_CONVERSION = YES_AGGRESSIVE;
				CLANG_CXX_LANGUAGE_STANDARD = "gnu++14";
				CLANG_CXX_LIBRARY = "libc++";
				CLANG_ENABLE_MODULES = YES;
				CLANG_ENABLE_OBJC_ARC = YES;
				CLANG_ENABLE_OBJC_WEAK = YES;
				CLANG_WARN_BLOCK_CAPTURE_AUTORELEASING = YES;
				CLANG_WARN_BOOL_CONVERSION = YES;
				CLANG_WARN_COMMA = YES;
				CLANG_WARN_CONSTANT_CONVERSION = YES;
				CLANG_WARN_DEPRECATED_OBJC_IMPLEMENTATIONS = YES;
				CLANG_WARN_DIRECT_OBJC_ISA_USAGE = YES_ERROR;
				CLANG_WARN_DOCUMENTATION_COMMENTS = YES;
				CLANG_WARN_EMPTY_BODY = YES;
				CLANG_WARN_ENUM_CONVERSION = YES;
				CLANG_WARN_INFINITE_RECURSION = YES;
				CLANG_WARN_INT_CONVERSION = YES;
				CLANG_WARN_NON_LITERAL_NULL_CONVERSION = YES;
				CLANG_WARN_OBJC_IMPLICIT_RETAIN_SELF = YES;
				CLANG_WARN_OBJC_LITERAL_CONVERSION = YES;
				CLANG_WARN_OBJC_ROOT_CLASS = YES_ERROR;
				CLANG_WARN_RANGE_LOOP_ANALYSIS = YES;
				CLANG_WARN_STRICT_PROTOTYPES = YES;
				CLANG_WARN_SUSPICIOUS_MOVE = YES;
				CLANG_WARN_UNGUARDED_AVAILABILITY = YES_AGGRESSIVE;
				CLANG_WARN_UNREACHABLE_CODE = YES;
				CLANG_WARN__DUPLICATE_METHOD_MATCH = YES;
				COPY_PHASE_STRIP = NO;
				DEBUG_INFORMATION_FORMAT = "dwarf-with-dsym";
				ENABLE_NS_ASSERTIONS = NO;
				ENABLE_STRICT_OBJC_MSGSEND = YES;
				GCC_C_LANGUAGE_STANDARD = gnu11;
				GCC_NO_COMMON_BLOCKS = YES;
				GCC_WARN_64_TO_32_BIT_CONVERSION = YES;
				GCC_WARN_ABOUT_RETURN_TYPE = YES_ERROR;
				GCC_WARN_UNDECLARED_SELECTOR = YES;
				GCC_WARN_UNINITIALIZED_AUTOS = YES_AGGRESSIVE;
				GCC_WARN_UNUSED_FUNCTION = YES;
				GCC_WARN_UNUSED_VARIABLE = YES;
				IPHONEOS_DEPLOYMENT_TARGET = 13.4;
				MTL_ENABLE_DEBUG_INFO = NO;
				MTL_FAST_MATH = YES;
				SDKROOT = iphoneos;
				SWIFT_COMPILATION_MODE = wholemodule;
				SWIFT_OPTIMIZATION_LEVEL = "-O";
				VALIDATE_PRODUCT = YES;
			};
			name = Release;
		};
		A26EDD06248197D800087A4B /* Debug */ = {
			isa = XCBuildConfiguration;
			baseConfigurationReference = B5C72A421E210E8F57570660 /* Pods-ExploreUI.debug.xcconfig */;
			buildSettings = {
				ASSETCATALOG_COMPILER_APPICON_NAME = AppIcon;
				CODE_SIGN_STYLE = Automatic;
				DEVELOPMENT_TEAM = 4W24B4F4VA;
				INFOPLIST_FILE = ExploreUI/Info.plist;
				LD_RUNPATH_SEARCH_PATHS = (
					"$(inherited)",
					"@executable_path/Frameworks",
				);
				PRODUCT_BUNDLE_IDENTIFIER = com.example.zqiuhao.ExploreUI;
				PRODUCT_NAME = "$(TARGET_NAME)";
				SWIFT_VERSION = 5.0;
				TARGETED_DEVICE_FAMILY = "1,2";
			};
			name = Debug;
		};
		A26EDD07248197D800087A4B /* Release */ = {
			isa = XCBuildConfiguration;
			baseConfigurationReference = 60AC515DAA7EEAA310A8D244 /* Pods-ExploreUI.release.xcconfig */;
			buildSettings = {
				ASSETCATALOG_COMPILER_APPICON_NAME = AppIcon;
				CODE_SIGN_STYLE = Automatic;
				DEVELOPMENT_TEAM = 4W24B4F4VA;
				INFOPLIST_FILE = ExploreUI/Info.plist;
				LD_RUNPATH_SEARCH_PATHS = (
					"$(inherited)",
					"@executable_path/Frameworks",
				);
				PRODUCT_BUNDLE_IDENTIFIER = com.example.zqiuhao.ExploreUI;
				PRODUCT_NAME = "$(TARGET_NAME)";
				SWIFT_VERSION = 5.0;
				TARGETED_DEVICE_FAMILY = "1,2";
			};
			name = Release;
		};
		A26EDD09248197D800087A4B /* Debug */ = {
			isa = XCBuildConfiguration;
			baseConfigurationReference = BCB8076DE10C3272AA7AF8C9 /* Pods-ExploreUITests.debug.xcconfig */;
			buildSettings = {
				ALWAYS_EMBED_SWIFT_STANDARD_LIBRARIES = YES;
				BUNDLE_LOADER = "$(TEST_HOST)";
				CODE_SIGN_STYLE = Automatic;
				DEVELOPMENT_TEAM = 4W24B4F4VA;
				INFOPLIST_FILE = ExploreUITests/Info.plist;
				IPHONEOS_DEPLOYMENT_TARGET = 13.4;
				LD_RUNPATH_SEARCH_PATHS = (
					"$(inherited)",
					"@executable_path/Frameworks",
					"@loader_path/Frameworks",
				);
				PRODUCT_BUNDLE_IDENTIFIER = com.example.zqiuhao.ExploreUITests;
				PRODUCT_NAME = "$(TARGET_NAME)";
				SWIFT_VERSION = 5.0;
				TARGETED_DEVICE_FAMILY = "1,2";
				TEST_HOST = "$(BUILT_PRODUCTS_DIR)/ExploreUI.app/ExploreUI";
			};
			name = Debug;
		};
		A26EDD0A248197D800087A4B /* Release */ = {
			isa = XCBuildConfiguration;
			baseConfigurationReference = 2F9011F35F566FC4CC18A21A /* Pods-ExploreUITests.release.xcconfig */;
			buildSettings = {
				ALWAYS_EMBED_SWIFT_STANDARD_LIBRARIES = YES;
				BUNDLE_LOADER = "$(TEST_HOST)";
				CODE_SIGN_STYLE = Automatic;
				DEVELOPMENT_TEAM = 4W24B4F4VA;
				INFOPLIST_FILE = ExploreUITests/Info.plist;
				IPHONEOS_DEPLOYMENT_TARGET = 13.4;
				LD_RUNPATH_SEARCH_PATHS = (
					"$(inherited)",
					"@executable_path/Frameworks",
					"@loader_path/Frameworks",
				);
				PRODUCT_BUNDLE_IDENTIFIER = com.example.zqiuhao.ExploreUITests;
				PRODUCT_NAME = "$(TARGET_NAME)";
				SWIFT_VERSION = 5.0;
				TARGETED_DEVICE_FAMILY = "1,2";
				TEST_HOST = "$(BUILT_PRODUCTS_DIR)/ExploreUI.app/ExploreUI";
			};
			name = Release;
		};
		A26EDD0C248197D800087A4B /* Debug */ = {
			isa = XCBuildConfiguration;
			baseConfigurationReference = C9333CC985E186BCB7E1BD98 /* Pods-ExploreUI-ExploreUIUITests.debug.xcconfig */;
			buildSettings = {
				ALWAYS_EMBED_SWIFT_STANDARD_LIBRARIES = YES;
				CODE_SIGN_STYLE = Automatic;
				DEVELOPMENT_TEAM = 4W24B4F4VA;
				INFOPLIST_FILE = ExploreUIUITests/Info.plist;
				LD_RUNPATH_SEARCH_PATHS = (
					"$(inherited)",
					"@executable_path/Frameworks",
					"@loader_path/Frameworks",
				);
				PRODUCT_BUNDLE_IDENTIFIER = com.example.zqiuhao.ExploreUIUITests;
				PRODUCT_NAME = "$(TARGET_NAME)";
				SWIFT_VERSION = 5.0;
				TARGETED_DEVICE_FAMILY = "1,2";
				TEST_TARGET_NAME = ExploreUI;
			};
			name = Debug;
		};
		A26EDD0D248197D800087A4B /* Release */ = {
			isa = XCBuildConfiguration;
			baseConfigurationReference = 0798948C8D07A00F4AAC8BD7 /* Pods-ExploreUI-ExploreUIUITests.release.xcconfig */;
			buildSettings = {
				ALWAYS_EMBED_SWIFT_STANDARD_LIBRARIES = YES;
				CODE_SIGN_STYLE = Automatic;
				DEVELOPMENT_TEAM = 4W24B4F4VA;
				INFOPLIST_FILE = ExploreUIUITests/Info.plist;
				LD_RUNPATH_SEARCH_PATHS = (
					"$(inherited)",
					"@executable_path/Frameworks",
					"@loader_path/Frameworks",
				);
				PRODUCT_BUNDLE_IDENTIFIER = com.example.zqiuhao.ExploreUIUITests;
				PRODUCT_NAME = "$(TARGET_NAME)";
				SWIFT_VERSION = 5.0;
				TARGETED_DEVICE_FAMILY = "1,2";
				TEST_TARGET_NAME = ExploreUI;
			};
			name = Release;
		};
/* End XCBuildConfiguration section */

/* Begin XCConfigurationList section */
		A26EDCD6248197D400087A4B /* Build configuration list for PBXProject "ExploreUI" */ = {
			isa = XCConfigurationList;
			buildConfigurations = (
				A26EDD03248197D800087A4B /* Debug */,
				A26EDD04248197D800087A4B /* Release */,
			);
			defaultConfigurationIsVisible = 0;
			defaultConfigurationName = Release;
		};
		A26EDD05248197D800087A4B /* Build configuration list for PBXNativeTarget "ExploreUI" */ = {
			isa = XCConfigurationList;
			buildConfigurations = (
				A26EDD06248197D800087A4B /* Debug */,
				A26EDD07248197D800087A4B /* Release */,
			);
			defaultConfigurationIsVisible = 0;
			defaultConfigurationName = Release;
		};
		A26EDD08248197D800087A4B /* Build configuration list for PBXNativeTarget "ExploreUITests" */ = {
			isa = XCConfigurationList;
			buildConfigurations = (
				A26EDD09248197D800087A4B /* Debug */,
				A26EDD0A248197D800087A4B /* Release */,
			);
			defaultConfigurationIsVisible = 0;
			defaultConfigurationName = Release;
		};
		A26EDD0B248197D800087A4B /* Build configuration list for PBXNativeTarget "ExploreUIUITests" */ = {
			isa = XCConfigurationList;
			buildConfigurations = (
				A26EDD0C248197D800087A4B /* Debug */,
				A26EDD0D248197D800087A4B /* Release */,
			);
			defaultConfigurationIsVisible = 0;
			defaultConfigurationName = Release;
		};
/* End XCConfigurationList section */
	};
	rootObject = A26EDCD3248197D400087A4B /* Project object */;
}
